// !$*UTF8*$!
{
	archiveVersion = 1;
	classes = {
	};
	objectVersion = 51;
	objects = {

/* Begin PBXBuildFile section */
		79703FA0EF93F6CE867CCB19 /* Pods_BlackStar_Viper.framework in Frameworks */ = {isa = PBXBuildFile; fileRef = 03ADBD8ACBC8DD8ED3708B5D /* Pods_BlackStar_Viper.framework */; };
		B44D2D7825F0114D00E2028E /* AppDelegate.swift in Sources */ = {isa = PBXBuildFile; fileRef = B44D2D7725F0114D00E2028E /* AppDelegate.swift */; };
		B44D2D7A25F0114D00E2028E /* SceneDelegate.swift in Sources */ = {isa = PBXBuildFile; fileRef = B44D2D7925F0114D00E2028E /* SceneDelegate.swift */; };
		B44D2D7F25F0114D00E2028E /* Main.storyboard in Resources */ = {isa = PBXBuildFile; fileRef = B44D2D7D25F0114D00E2028E /* Main.storyboard */; };
		B44D2D8125F0115200E2028E /* Assets.xcassets in Resources */ = {isa = PBXBuildFile; fileRef = B44D2D8025F0115200E2028E /* Assets.xcassets */; };
		B44D2D8425F0115200E2028E /* LaunchScreen.storyboard in Resources */ = {isa = PBXBuildFile; fileRef = B44D2D8225F0115200E2028E /* LaunchScreen.storyboard */; };
		B44D2D9225F0147300E2028E /* CategoryViewController.swift in Sources */ = {isa = PBXBuildFile; fileRef = B44D2D9125F0147300E2028E /* CategoryViewController.swift */; };
		B46E9A8A25F139AA00825385 /* CategoryEntity.swift in Sources */ = {isa = PBXBuildFile; fileRef = B46E9A8925F139AA00825385 /* CategoryEntity.swift */; };
		B46E9A9025F13CF600825385 /* CategoryPresenter.swift in Sources */ = {isa = PBXBuildFile; fileRef = B46E9A8F25F13CF600825385 /* CategoryPresenter.swift */; };
		B46E9A9325F13D3600825385 /* CategoryInteractor.swift in Sources */ = {isa = PBXBuildFile; fileRef = B46E9A9225F13D3600825385 /* CategoryInteractor.swift */; };
/* End PBXBuildFile section */

/* Begin PBXFileReference section */
		03ADBD8ACBC8DD8ED3708B5D /* Pods_BlackStar_Viper.framework */ = {isa = PBXFileReference; explicitFileType = wrapper.framework; includeInIndex = 0; path = Pods_BlackStar_Viper.framework; sourceTree = BUILT_PRODUCTS_DIR; };
		B44D2D7425F0114D00E2028E /* BlackStar-Viper.app */ = {isa = PBXFileReference; explicitFileType = wrapper.application; includeInIndex = 0; path = "BlackStar-Viper.app"; sourceTree = BUILT_PRODUCTS_DIR; };
		B44D2D7725F0114D00E2028E /* AppDelegate.swift */ = {isa = PBXFileReference; lastKnownFileType = sourcecode.swift; path = AppDelegate.swift; sourceTree = "<group>"; };
		B44D2D7925F0114D00E2028E /* SceneDelegate.swift */ = {isa = PBXFileReference; lastKnownFileType = sourcecode.swift; path = SceneDelegate.swift; sourceTree = "<group>"; };
		B44D2D7E25F0114D00E2028E /* Base */ = {isa = PBXFileReference; lastKnownFileType = file.storyboard; name = Base; path = Base.lproj/Main.storyboard; sourceTree = "<group>"; };
		B44D2D8025F0115200E2028E /* Assets.xcassets */ = {isa = PBXFileReference; lastKnownFileType = folder.assetcatalog; path = Assets.xcassets; sourceTree = "<group>"; };
		B44D2D8325F0115200E2028E /* Base */ = {isa = PBXFileReference; lastKnownFileType = file.storyboard; name = Base; path = Base.lproj/LaunchScreen.storyboard; sourceTree = "<group>"; };
		B44D2D8525F0115200E2028E /* Info.plist */ = {isa = PBXFileReference; lastKnownFileType = text.plist.xml; path = Info.plist; sourceTree = "<group>"; };
		B44D2D9125F0147300E2028E /* CategoryViewController.swift */ = {isa = PBXFileReference; lastKnownFileType = sourcecode.swift; path = CategoryViewController.swift; sourceTree = "<group>"; };
		B46E9A8925F139AA00825385 /* CategoryEntity.swift */ = {isa = PBXFileReference; lastKnownFileType = sourcecode.swift; path = CategoryEntity.swift; sourceTree = "<group>"; };
		B46E9A8F25F13CF600825385 /* CategoryPresenter.swift */ = {isa = PBXFileReference; lastKnownFileType = sourcecode.swift; path = CategoryPresenter.swift; sourceTree = "<group>"; };
		B46E9A9225F13D3600825385 /* CategoryInteractor.swift */ = {isa = PBXFileReference; lastKnownFileType = sourcecode.swift; path = CategoryInteractor.swift; sourceTree = "<group>"; };
		D2340DBA7B50A7561340C00F /* Pods-BlackStar-Viper.debug.xcconfig */ = {isa = PBXFileReference; includeInIndex = 1; lastKnownFileType = text.xcconfig; name = "Pods-BlackStar-Viper.debug.xcconfig"; path = "Target Support Files/Pods-BlackStar-Viper/Pods-BlackStar-Viper.debug.xcconfig"; sourceTree = "<group>"; };
		ED182C6CE1D3B8A3E2238807 /* Pods-BlackStar-Viper.release.xcconfig */ = {isa = PBXFileReference; includeInIndex = 1; lastKnownFileType = text.xcconfig; name = "Pods-BlackStar-Viper.release.xcconfig"; path = "Target Support Files/Pods-BlackStar-Viper/Pods-BlackStar-Viper.release.xcconfig"; sourceTree = "<group>"; };
/* End PBXFileReference section */

/* Begin PBXFrameworksBuildPhase section */
		B44D2D7125F0114D00E2028E /* Frameworks */ = {
			isa = PBXFrameworksBuildPhase;
			buildActionMask = 2147483647;
			files = (
				79703FA0EF93F6CE867CCB19 /* Pods_BlackStar_Viper.framework in Frameworks */,
			);
			runOnlyForDeploymentPostprocessing = 0;
		};
/* End PBXFrameworksBuildPhase section */

/* Begin PBXGroup section */
		53ADA4BC1040CFB6F8173B52 /* Frameworks */ = {
			isa = PBXGroup;
			children = (
				03ADBD8ACBC8DD8ED3708B5D /* Pods_BlackStar_Viper.framework */,
			);
			name = Frameworks;
			sourceTree = "<group>";
		};
		8FFA3C2637B7AD00D22E7E49 /* Pods */ = {
			isa = PBXGroup;
			children = (
				D2340DBA7B50A7561340C00F /* Pods-BlackStar-Viper.debug.xcconfig */,
				ED182C6CE1D3B8A3E2238807 /* Pods-BlackStar-Viper.release.xcconfig */,
			);
			path = Pods;
			sourceTree = "<group>";
		};
		B44D2D6B25F0114D00E2028E = {
			isa = PBXGroup;
			children = (
				B44D2D7625F0114D00E2028E /* BlackStar-Viper */,
				B44D2D7525F0114D00E2028E /* Products */,
				8FFA3C2637B7AD00D22E7E49 /* Pods */,
				53ADA4BC1040CFB6F8173B52 /* Frameworks */,
			);
			sourceTree = "<group>";
		};
		B44D2D7525F0114D00E2028E /* Products */ = {
			isa = PBXGroup;
			children = (
				B44D2D7425F0114D00E2028E /* BlackStar-Viper.app */,
			);
			name = Products;
			sourceTree = "<group>";
		};
		B44D2D7625F0114D00E2028E /* BlackStar-Viper */ = {
			isa = PBXGroup;
			children = (
				B46E9A8C25F139B400825385 /* CategoryVIPER */,
				B44D2D7725F0114D00E2028E /* AppDelegate.swift */,
				B44D2D7925F0114D00E2028E /* SceneDelegate.swift */,
				B44D2D8025F0115200E2028E /* Assets.xcassets */,
				B44D2D8225F0115200E2028E /* LaunchScreen.storyboard */,
				B44D2D8525F0115200E2028E /* Info.plist */,
			);
			path = "BlackStar-Viper";
			sourceTree = "<group>";
		};
		B46E9A8C25F139B400825385 /* CategoryVIPER */ = {
			isa = PBXGroup;
			children = (
				B46E9A8925F139AA00825385 /* CategoryEntity.swift */,
				B46E9A9225F13D3600825385 /* CategoryInteractor.swift */,
				B46E9A8F25F13CF600825385 /* CategoryPresenter.swift */,
				B44D2D9125F0147300E2028E /* CategoryViewController.swift */,
				B44D2D7D25F0114D00E2028E /* Main.storyboard */,
			);
			path = CategoryVIPER;
			sourceTree = "<group>";
		};
/* End PBXGroup section */

/* Begin PBXNativeTarget section */
		B44D2D7325F0114D00E2028E /* BlackStar-Viper */ = {
			isa = PBXNativeTarget;
			buildConfigurationList = B44D2D8825F0115200E2028E /* Build configuration list for PBXNativeTarget "BlackStar-Viper" */;
			buildPhases = (
				49D9FD8F0FFB0AF3763B68FB /* [CP] Check Pods Manifest.lock */,
				B44D2D7025F0114D00E2028E /* Sources */,
				B44D2D7125F0114D00E2028E /* Frameworks */,
				B44D2D7225F0114D00E2028E /* Resources */,
				B33DB79AE0E8F63214326073 /* [CP] Embed Pods Frameworks */,
			);
			buildRules = (
			);
			dependencies = (
			);
			name = "BlackStar-Viper";
			productName = "BlackStar-Viper";
			productReference = B44D2D7425F0114D00E2028E /* BlackStar-Viper.app */;
			productType = "com.apple.product-type.application";
		};
/* End PBXNativeTarget section */

/* Begin PBXProject section */
		B44D2D6C25F0114D00E2028E /* Project object */ = {
			isa = PBXProject;
			attributes = {
				LastSwiftUpdateCheck = 1240;
				LastUpgradeCheck = 1240;
				TargetAttributes = {
					B44D2D7325F0114D00E2028E = {
						CreatedOnToolsVersion = 12.4;
					};
				};
			};
			buildConfigurationList = B44D2D6F25F0114D00E2028E /* Build configuration list for PBXProject "BlackStar-Viper" */;
			compatibilityVersion = "Xcode 9.3";
			developmentRegion = en;
			hasScannedForEncodings = 0;
			knownRegions = (
				en,
				Base,
			);
			mainGroup = B44D2D6B25F0114D00E2028E;
			productRefGroup = B44D2D7525F0114D00E2028E /* Products */;
			projectDirPath = "";
			projectRoot = "";
			targets = (
				B44D2D7325F0114D00E2028E /* BlackStar-Viper */,
			);
		};
/* End PBXProject section */

/* Begin PBXResourcesBuildPhase section */
		B44D2D7225F0114D00E2028E /* Resources */ = {
			isa = PBXResourcesBuildPhase;
			buildActionMask = 2147483647;
			files = (
				B44D2D8425F0115200E2028E /* LaunchScreen.storyboard in Resources */,
				B44D2D8125F0115200E2028E /* Assets.xcassets in Resources */,
				B44D2D7F25F0114D00E2028E /* Main.storyboard in Resources */,
			);
			runOnlyForDeploymentPostprocessing = 0;
		};
/* End PBXResourcesBuildPhase section */

/* Begin PBXShellScriptBuildPhase section */
		49D9FD8F0FFB0AF3763B68FB /* [CP] Check Pods Manifest.lock */ = {
			isa = PBXShellScriptBuildPhase;
			buildActionMask = 2147483647;
			files = (
			);
			inputFileListPaths = (
			);
			inputPaths = (
				"${PODS_PODFILE_DIR_PATH}/Podfile.lock",
				"${PODS_ROOT}/Manifest.lock",
			);
			name = "[CP] Check Pods Manifest.lock";
			outputFileListPaths = (
			);
			outputPaths = (
				"$(DERIVED_FILE_DIR)/Pods-BlackStar-Viper-checkManifestLockResult.txt",
			);
			runOnlyForDeploymentPostprocessing = 0;
			shellPath = /bin/sh;
			shellScript = "diff \"${PODS_PODFILE_DIR_PATH}/Podfile.lock\" \"${PODS_ROOT}/Manifest.lock\" > /dev/null\nif [ $? != 0 ] ; then\n    # print error to STDERR\n    echo \"error: The sandbox is not in sync with the Podfile.lock. Run 'pod install' or update your CocoaPods installation.\" >&2\n    exit 1\nfi\n# This output is used by Xcode 'outputs' to avoid re-running this script phase.\necho \"SUCCESS\" > \"${SCRIPT_OUTPUT_FILE_0}\"\n";
			showEnvVarsInLog = 0;
		};
		B33DB79AE0E8F63214326073 /* [CP] Embed Pods Frameworks */ = {
			isa = PBXShellScriptBuildPhase;
			buildActionMask = 2147483647;
			files = (
			);
			inputFileListPaths = (
				"${PODS_ROOT}/Target Support Files/Pods-BlackStar-Viper/Pods-BlackStar-Viper-frameworks-${CONFIGURATION}-input-files.xcfilelist",
			);
			name = "[CP] Embed Pods Frameworks";
			outputFileListPaths = (
				"${PODS_ROOT}/Target Support Files/Pods-BlackStar-Viper/Pods-BlackStar-Viper-frameworks-${CONFIGURATION}-output-files.xcfilelist",
			);
			runOnlyForDeploymentPostprocessing = 0;
			shellPath = /bin/sh;
			shellScript = "\"${PODS_ROOT}/Target Support Files/Pods-BlackStar-Viper/Pods-BlackStar-Viper-frameworks.sh\"\n";
			showEnvVarsInLog = 0;
		};
/* End PBXShellScriptBuildPhase section */

/* Begin PBXSourcesBuildPhase section */
		B44D2D7025F0114D00E2028E /* Sources */ = {
			isa = PBXSourcesBuildPhase;
			buildActionMask = 2147483647;
			files = (
				B46E9A9325F13D3600825385 /* CategoryInteractor.swift in Sources */,
				B44D2D9225F0147300E2028E /* CategoryViewController.swift in Sources */,
				B46E9A9025F13CF600825385 /* CategoryPresenter.swift in Sources */,
				B44D2D7825F0114D00E2028E /* AppDelegate.swift in Sources */,
				B46E9A8A25F139AA00825385 /* CategoryEntity.swift in Sources */,
				B44D2D7A25F0114D00E2028E /* SceneDelegate.swift in Sources */,
			);
			runOnlyForDeploymentPostprocessing = 0;
		};
/* End PBXSourcesBuildPhase section */

/* Begin PBXVariantGroup section */
		B44D2D7D25F0114D00E2028E /* Main.storyboard */ = {
			isa = PBXVariantGroup;
			children = (
				B44D2D7E25F0114D00E2028E /* Base */,
			);
			name = Main.storyboard;
			sourceTree = "<group>";
		};
		B44D2D8225F0115200E2028E /* LaunchScreen.storyboard */ = {
			isa = PBXVariantGroup;
			children = (
				B44D2D8325F0115200E2028E /* Base */,
			);
			name = LaunchScreen.storyboard;
			sourceTree = "<group>";
		};
/* End PBXVariantGroup section */

/* Begin XCBuildConfiguration section */
		B44D2D8625F0115200E2028E /* Debug */ = {
			isa = XCBuildConfiguration;
			buildSettings = {
				ALWAYS_SEARCH_USER_PATHS = NO;
				CLANG_ANALYZER_NONNULL = YES;
				CLANG_ANALYZER_NUMBER_OBJECT_CONVERSION = YES_AGGRESSIVE;
				CLANG_CXX_LANGUAGE_STANDARD = "gnu++14";
				CLANG_CXX_LIBRARY = "libc++";
				CLANG_ENABLE_MODULES = YES;
				CLANG_ENABLE_OBJC_ARC = YES;
				CLANG_ENABLE_OBJC_WEAK = YES;
				CLANG_WARN_BLOCK_CAPTURE_AUTORELEASING = YES;
				CLANG_WARN_BOOL_CONVERSION = YES;
				CLANG_WARN_COMMA = YES;
				CLANG_WARN_CONSTANT_CONVERSION = YES;
				CLANG_WARN_DEPRECATED_OBJC_IMPLEMENTATIONS = YES;
				CLANG_WARN_DIRECT_OBJC_ISA_USAGE = YES_ERROR;
				CLANG_WARN_DOCUMENTATION_COMMENTS = YES;
				CLANG_WARN_EMPTY_BODY = YES;
				CLANG_WARN_ENUM_CONVERSION = YES;
				CLANG_WARN_INFINITE_RECURSION = YES;
				CLANG_WARN_INT_CONVERSION = YES;
				CLANG_WARN_NON_LITERAL_NULL_CONVERSION = YES;
				CLANG_WARN_OBJC_IMPLICIT_RETAIN_SELF = YES;
				CLANG_WARN_OBJC_LITERAL_CONVERSION = YES;
				CLANG_WARN_OBJC_ROOT_CLASS = YES_ERROR;
				CLANG_WARN_QUOTED_INCLUDE_IN_FRAMEWORK_HEADER = YES;
				CLANG_WARN_RANGE_LOOP_ANALYSIS = YES;
				CLANG_WARN_STRICT_PROTOTYPES = YES;
				CLANG_WARN_SUSPICIOUS_MOVE = YES;
				CLANG_WARN_UNGUARDED_AVAILABILITY = YES_AGGRESSIVE;
				CLANG_WARN_UNREACHABLE_CODE = YES;
				CLANG_WARN__DUPLICATE_METHOD_MATCH = YES;
				COPY_PHASE_STRIP = NO;
				DEBUG_INFORMATION_FORMAT = dwarf;
				ENABLE_STRICT_OBJC_MSGSEND = YES;
				ENABLE_TESTABILITY = YES;
				GCC_C_LANGUAGE_STANDARD = gnu11;
				GCC_DYNAMIC_NO_PIC = NO;
				GCC_NO_COMMON_BLOCKS = YES;
				GCC_OPTIMIZATION_LEVEL = 0;
				GCC_PREPROCESSOR_DEFINITIONS = (
					"DEBUG=1",
					"$(inherited)",
				);
				GCC_WARN_64_TO_32_BIT_CONVERSION = YES;
				GCC_WARN_ABOUT_RETURN_TYPE = YES_ERROR;
				GCC_WARN_UNDECLARED_SELECTOR = YES;
				GCC_WARN_UNINITIALIZED_AUTOS = YES_AGGRESSIVE;
				GCC_WARN_UNUSED_FUNCTION = YES;
				GCC_WARN_UNUSED_VARIABLE = YES;
				IPHONEOS_DEPLOYMENT_TARGET = 14.4;
				MTL_ENABLE_DEBUG_INFO = INCLUDE_SOURCE;
				MTL_FAST_MATH = YES;
				ONLY_ACTIVE_ARCH = YES;
				SDKROOT = iphoneos;
				SWIFT_ACTIVE_COMPILATION_CONDITIONS = DEBUG;
				SWIFT_OPTIMIZATION_LEVEL = "-Onone";
			};
			name = Debug;
		};
		B44D2D8725F0115200E2028E /* Release */ = {
			isa = XCBuildConfiguration;
			buildSettings = {
				ALWAYS_SEARCH_USER_PATHS = NO;
				CLANG_ANALYZER_NONNULL = YES;
				CLANG_ANALYZER_NUMBER_OBJECT_CONVERSION = YES_AGGRESSIVE;
				CLANG_CXX_LANGUAGE_STANDARD = "gnu++14";
				CLANG_CXX_LIBRARY = "libc++";
				CLANG_ENABLE_MODULES = YES;
				CLANG_ENABLE_OBJC_ARC = YES;
				CLANG_ENABLE_OBJC_WEAK = YES;
				CLANG_WARN_BLOCK_CAPTURE_AUTORELEASING = YES;
				CLANG_WARN_BOOL_CONVERSION = YES;
				CLANG_WARN_COMMA = YES;
				CLANG_WARN_CONSTANT_CONVERSION = YES;
				CLANG_WARN_DEPRECATED_OBJC_IMPLEMENTATIONS = YES;
				CLANG_WARN_DIRECT_OBJC_ISA_USAGE = YES_ERROR;
				CLANG_WARN_DOCUMENTATION_COMMENTS = YES;
				CLANG_WARN_EMPTY_BODY = YES;
				CLANG_WARN_ENUM_CONVERSION = YES;
				CLANG_WARN_INFINITE_RECURSION = YES;
				CLANG_WARN_INT_CONVERSION = YES;
				CLANG_WARN_NON_LITERAL_NULL_CONVERSION = YES;
				CLANG_WARN_OBJC_IMPLICIT_RETAIN_SELF = YES;
				CLANG_WARN_OBJC_LITERAL_CONVERSION = YES;
				CLANG_WARN_OBJC_ROOT_CLASS = YES_ERROR;
				CLANG_WARN_QUOTED_INCLUDE_IN_FRAMEWORK_HEADER = YES;
				CLANG_WARN_RANGE_LOOP_ANALYSIS = YES;
				CLANG_WARN_STRICT_PROTOTYPES = YES;
				CLANG_WARN_SUSPICIOUS_MOVE = YES;
				CLANG_WARN_UNGUARDED_AVAILABILITY = YES_AGGRESSIVE;
				CLANG_WARN_UNREACHABLE_CODE = YES;
				CLANG_WARN__DUPLICATE_METHOD_MATCH = YES;
				COPY_PHASE_STRIP = NO;
				DEBUG_INFORMATION_FORMAT = "dwarf-with-dsym";
				ENABLE_NS_ASSERTIONS = NO;
				ENABLE_STRICT_OBJC_MSGSEND = YES;
				GCC_C_LANGUAGE_STANDARD = gnu11;
				GCC_NO_COMMON_BLOCKS = YES;
				GCC_WARN_64_TO_32_BIT_CONVERSION = YES;
				GCC_WARN_ABOUT_RETURN_TYPE = YES_ERROR;
				GCC_WARN_UNDECLARED_SELECTOR = YES;
				GCC_WARN_UNINITIALIZED_AUTOS = YES_AGGRESSIVE;
				GCC_WARN_UNUSED_FUNCTION = YES;
				GCC_WARN_UNUSED_VARIABLE = YES;
				IPHONEOS_DEPLOYMENT_TARGET = 14.4;
				MTL_ENABLE_DEBUG_INFO = NO;
				MTL_FAST_MATH = YES;
				SDKROOT = iphoneos;
				SWIFT_COMPILATION_MODE = wholemodule;
				SWIFT_OPTIMIZATION_LEVEL = "-O";
				VALIDATE_PRODUCT = YES;
			};
			name = Release;
		};
		B44D2D8925F0115200E2028E /* Debug */ = {
			isa = XCBuildConfiguration;
			baseConfigurationReference = D2340DBA7B50A7561340C00F /* Pods-BlackStar-Viper.debug.xcconfig */;
			buildSettings = {
				ASSETCATALOG_COMPILER_APPICON_NAME = AppIcon;
				ASSETCATALOG_COMPILER_GLOBAL_ACCENT_COLOR_NAME = AccentColor;
				CODE_SIGN_STYLE = Automatic;
				DEVELOPMENT_TEAM = 6GCA3KCL63;
				INFOPLIST_FILE = "BlackStar-Viper/Info.plist";
				LD_RUNPATH_SEARCH_PATHS = (
					"$(inherited)",
					"@executable_path/Frameworks",
				);
				PRODUCT_BUNDLE_IDENTIFIER = "dev.nechepurenko.99.BlackStar-Viper";
				PRODUCT_NAME = "$(TARGET_NAME)";
				SWIFT_VERSION = 5.0;
				TARGETED_DEVICE_FAMILY = "1,2";
			};
			name = Debug;
		};
		B44D2D8A25F0115200E2028E /* Release */ = {
			isa = XCBuildConfiguration;
			baseConfigurationReference = ED182C6CE1D3B8A3E2238807 /* Pods-BlackStar-Viper.release.xcconfig */;
			buildSettings = {
				ASSETCATALOG_COMPILER_APPICON_NAME = AppIcon;
				ASSETCATALOG_COMPILER_GLOBAL_ACCENT_COLOR_NAME = AccentColor;
				CODE_SIGN_STYLE = Automatic;
				DEVELOPMENT_TEAM = 6GCA3KCL63;
				INFOPLIST_FILE = "BlackStar-Viper/Info.plist";
				LD_RUNPATH_SEARCH_PATHS = (
					"$(inherited)",
					"@executable_path/Frameworks",
				);
				PRODUCT_BUNDLE_IDENTIFIER = "dev.nechepurenko.99.BlackStar-Viper";
				PRODUCT_NAME = "$(TARGET_NAME)";
				SWIFT_VERSION = 5.0;
				TARGETED_DEVICE_FAMILY = "1,2";
			};
			name = Release;
		};
/* End XCBuildConfiguration section */

/* Begin XCConfigurationList section */
		B44D2D6F25F0114D00E2028E /* Build configuration list for PBXProject "BlackStar-Viper" */ = {
			isa = XCConfigurationList;
			buildConfigurations = (
				B44D2D8625F0115200E2028E /* Debug */,
				B44D2D8725F0115200E2028E /* Release */,
			);
			defaultConfigurationIsVisible = 0;
			defaultConfigurationName = Release;
		};
		B44D2D8825F0115200E2028E /* Build configuration list for PBXNativeTarget "BlackStar-Viper" */ = {
			isa = XCConfigurationList;
			buildConfigurations = (
				B44D2D8925F0115200E2028E /* Debug */,
				B44D2D8A25F0115200E2028E /* Release */,
			);
			defaultConfigurationIsVisible = 0;
			defaultConfigurationName = Release;
		};
/* End XCConfigurationList section */
	};
	rootObject = B44D2D6C25F0114D00E2028E /* Project object */;
}
